
Microsoft Visual Studio Solution File, Format Version 12.00
# Visual Studio Version 16
VisualStudioVersion = 16.0.29418.71
MinimumVisualStudioVersion = 10.0.40219.1
Project("{FAE04EC0-301F-11D3-BF4B-00C04F79EFBC}") = "Projeto Ourivesaria Simao", "Projeto Ourivesaria Simao\Projeto Ourivesaria Simao.csproj", "{33E8A17F-C80C-42F4-8F2F-F86E7EFAB6A5}"
EndProject
Global
	GlobalSection(SolutionConfigurationPlatforms) = preSolution
		Debug|Any CPU = Debug|Any CPU
		Release|Any CPU = Release|Any CPU
	EndGlobalSection
	GlobalSection(ProjectConfigurationPlatforms) = postSolution
		{33E8A17F-C80C-42F4-8F2F-F86E7EFAB6A5}.Debug|Any CPU.ActiveCfg = Debug|Any CPU
		{33E8A17F-C80C-42F4-8F2F-F86E7EFAB6A5}.Debug|Any CPU.Build.0 = Debug|Any CPU
		{33E8A17F-C80C-42F4-8F2F-F86E7EFAB6A5}.Release|Any CPU.ActiveCfg = Release|Any CPU
		{33E8A17F-C80C-42F4-8F2F-F86E7EFAB6A5}.Release|Any CPU.Build.0 = Release|Any CPU
	EndGlobalSection
	GlobalSection(SolutionProperties) = preSolution
		HideSolutionNode = FALSE
	EndGlobalSection
	GlobalSection(ExtensibilityGlobals) = postSolution
		SolutionGuid = {81AB021A-3A8E-4853-BCD7-6A8368CE372D}
	EndGlobalSection
EndGlobal
